
Microsoft Visual Studio Solution File, Format Version 12.00
# Visual Studio 15
Project("{FAE04EC0-301F-11D3-BF4B-00C04F79EFBC}") = "Assembly-CSharp", "Assembly-CSharp.csproj", "{99752BC1-BA51-228B-7691-F38F42C3A0CF}"
EndProject
Global
	GlobalSection(SolutionConfigurationPlatforms) = preSolution
		Debug|Any CPU = Debug|Any CPU
		Release|Any CPU = Release|Any CPU
	EndGlobalSection
	GlobalSection(ProjectConfigurationPlatforms) = postSolution
		{99752BC1-BA51-228B-7691-F38F42C3A0CF}.Debug|Any CPU.ActiveCfg = Debug|Any CPU
		{99752BC1-BA51-228B-7691-F38F42C3A0CF}.Debug|Any CPU.Build.0 = Debug|Any CPU
		{99752BC1-BA51-228B-7691-F38F42C3A0CF}.Release|Any CPU.ActiveCfg = Release|Any CPU
		{99752BC1-BA51-228B-7691-F38F42C3A0CF}.Release|Any CPU.Build.0 = Release|Any CPU
	EndGlobalSection
	GlobalSection(SolutionProperties) = preSolution
		HideSolutionNode = FALSE
	EndGlobalSection
EndGlobal
